// !$*UTF8*$!
{
	archiveVersion = 1;
	classes = {
	};
	objectVersion = 50;
	objects = {

/* Begin PBXBuildFile section */
		9B440BBF22B92FC500FE0277 /* AppDelegate.swift in Sources */ = {isa = PBXBuildFile; fileRef = 9B440BBE22B92FC500FE0277 /* AppDelegate.swift */; };
		9B440BC122B92FC500FE0277 /* ViewController.swift in Sources */ = {isa = PBXBuildFile; fileRef = 9B440BC022B92FC500FE0277 /* ViewController.swift */; };
		9B440BC422B92FC500FE0277 /* Main.storyboard in Resources */ = {isa = PBXBuildFile; fileRef = 9B440BC222B92FC500FE0277 /* Main.storyboard */; };
		9B440BC622B92FC700FE0277 /* Assets.xcassets in Resources */ = {isa = PBXBuildFile; fileRef = 9B440BC522B92FC700FE0277 /* Assets.xcassets */; };
		9B440BC922B92FC700FE0277 /* LaunchScreen.storyboard in Resources */ = {isa = PBXBuildFile; fileRef = 9B440BC722B92FC700FE0277 /* LaunchScreen.storyboard */; };
		9B440BCE22B92FC700FE0277 /* Wearable WatchKit App.app in Embed Watch Content */ = {isa = PBXBuildFile; fileRef = 9B440BCD22B92FC700FE0277 /* Wearable WatchKit App.app */; };
		9B440BD422B92FC700FE0277 /* Interface.storyboard in Resources */ = {isa = PBXBuildFile; fileRef = 9B440BD222B92FC700FE0277 /* Interface.storyboard */; };
		9B440BD622B92FC700FE0277 /* Assets.xcassets in Resources */ = {isa = PBXBuildFile; fileRef = 9B440BD522B92FC700FE0277 /* Assets.xcassets */; };
		9B440BDD22B92FC700FE0277 /* Wearable WatchKit Extension.appex in Embed App Extensions */ = {isa = PBXBuildFile; fileRef = 9B440BDC22B92FC700FE0277 /* Wearable WatchKit Extension.appex */; settings = {ATTRIBUTES = (RemoveHeadersOnCopy, ); }; };
		9B440BE222B92FC700FE0277 /* InterfaceController.swift in Sources */ = {isa = PBXBuildFile; fileRef = 9B440BE122B92FC700FE0277 /* InterfaceController.swift */; };
		9B440BE422B92FC700FE0277 /* ExtensionDelegate.swift in Sources */ = {isa = PBXBuildFile; fileRef = 9B440BE322B92FC700FE0277 /* ExtensionDelegate.swift */; };
		9B440BE622B92FC800FE0277 /* Assets.xcassets in Resources */ = {isa = PBXBuildFile; fileRef = 9B440BE522B92FC800FE0277 /* Assets.xcassets */; };
/* End PBXBuildFile section */

/* Begin PBXContainerItemProxy section */
		9B440BCF22B92FC700FE0277 /* PBXContainerItemProxy */ = {
			isa = PBXContainerItemProxy;
			containerPortal = 9B440BB322B92FC500FE0277 /* Project object */;
			proxyType = 1;
			remoteGlobalIDString = 9B440BCC22B92FC700FE0277;
			remoteInfo = "Wearable WatchKit App";
		};
		9B440BDE22B92FC700FE0277 /* PBXContainerItemProxy */ = {
			isa = PBXContainerItemProxy;
			containerPortal = 9B440BB322B92FC500FE0277 /* Project object */;
			proxyType = 1;
			remoteGlobalIDString = 9B440BDB22B92FC700FE0277;
			remoteInfo = "Wearable WatchKit Extension";
		};
/* End PBXContainerItemProxy section */

/* Begin PBXCopyFilesBuildPhase section */
		9B440BED22B92FC800FE0277 /* Embed App Extensions */ = {
			isa = PBXCopyFilesBuildPhase;
			buildActionMask = 2147483647;
			dstPath = "";
			dstSubfolderSpec = 13;
			files = (
				9B440BDD22B92FC700FE0277 /* Wearable WatchKit Extension.appex in Embed App Extensions */,
			);
			name = "Embed App Extensions";
			runOnlyForDeploymentPostprocessing = 0;
		};
		9B440BF122B92FC800FE0277 /* Embed Watch Content */ = {
			isa = PBXCopyFilesBuildPhase;
			buildActionMask = 2147483647;
			dstPath = "$(CONTENTS_FOLDER_PATH)/Watch";
			dstSubfolderSpec = 16;
			files = (
				9B440BCE22B92FC700FE0277 /* Wearable WatchKit App.app in Embed Watch Content */,
			);
			name = "Embed Watch Content";
			runOnlyForDeploymentPostprocessing = 0;
		};
/* End PBXCopyFilesBuildPhase section */

/* Begin PBXFileReference section */
		9B440BBB22B92FC500FE0277 /* Wearable.app */ = {isa = PBXFileReference; explicitFileType = wrapper.application; includeInIndex = 0; path = Wearable.app; sourceTree = BUILT_PRODUCTS_DIR; };
		9B440BBE22B92FC500FE0277 /* AppDelegate.swift */ = {isa = PBXFileReference; lastKnownFileType = sourcecode.swift; path = AppDelegate.swift; sourceTree = "<group>"; };
		9B440BC022B92FC500FE0277 /* ViewController.swift */ = {isa = PBXFileReference; lastKnownFileType = sourcecode.swift; path = ViewController.swift; sourceTree = "<group>"; };
		9B440BC322B92FC500FE0277 /* Base */ = {isa = PBXFileReference; lastKnownFileType = file.storyboard; name = Base; path = Base.lproj/Main.storyboard; sourceTree = "<group>"; };
		9B440BC522B92FC700FE0277 /* Assets.xcassets */ = {isa = PBXFileReference; lastKnownFileType = folder.assetcatalog; path = Assets.xcassets; sourceTree = "<group>"; };
		9B440BC822B92FC700FE0277 /* Base */ = {isa = PBXFileReference; lastKnownFileType = file.storyboard; name = Base; path = Base.lproj/LaunchScreen.storyboard; sourceTree = "<group>"; };
		9B440BCA22B92FC700FE0277 /* Info.plist */ = {isa = PBXFileReference; lastKnownFileType = text.plist.xml; path = Info.plist; sourceTree = "<group>"; };
		9B440BCD22B92FC700FE0277 /* Wearable WatchKit App.app */ = {isa = PBXFileReference; explicitFileType = wrapper.application; includeInIndex = 0; path = "Wearable WatchKit App.app"; sourceTree = BUILT_PRODUCTS_DIR; };
		9B440BD322B92FC700FE0277 /* Base */ = {isa = PBXFileReference; lastKnownFileType = file.storyboard; name = Base; path = Base.lproj/Interface.storyboard; sourceTree = "<group>"; };
		9B440BD522B92FC700FE0277 /* Assets.xcassets */ = {isa = PBXFileReference; lastKnownFileType = folder.assetcatalog; path = Assets.xcassets; sourceTree = "<group>"; };
		9B440BD722B92FC700FE0277 /* Info.plist */ = {isa = PBXFileReference; lastKnownFileType = text.plist.xml; path = Info.plist; sourceTree = "<group>"; };
		9B440BDC22B92FC700FE0277 /* Wearable WatchKit Extension.appex */ = {isa = PBXFileReference; explicitFileType = "wrapper.app-extension"; includeInIndex = 0; path = "Wearable WatchKit Extension.appex"; sourceTree = BUILT_PRODUCTS_DIR; };
		9B440BE122B92FC700FE0277 /* InterfaceController.swift */ = {isa = PBXFileReference; lastKnownFileType = sourcecode.swift; path = InterfaceController.swift; sourceTree = "<group>"; };
		9B440BE322B92FC700FE0277 /* ExtensionDelegate.swift */ = {isa = PBXFileReference; lastKnownFileType = sourcecode.swift; path = ExtensionDelegate.swift; sourceTree = "<group>"; };
		9B440BE522B92FC800FE0277 /* Assets.xcassets */ = {isa = PBXFileReference; lastKnownFileType = folder.assetcatalog; path = Assets.xcassets; sourceTree = "<group>"; };
		9B440BE722B92FC800FE0277 /* Info.plist */ = {isa = PBXFileReference; lastKnownFileType = text.plist.xml; path = Info.plist; sourceTree = "<group>"; };
/* End PBXFileReference section */

/* Begin PBXFrameworksBuildPhase section */
		9B440BB822B92FC500FE0277 /* Frameworks */ = {
			isa = PBXFrameworksBuildPhase;
			buildActionMask = 2147483647;
			files = (
			);
			runOnlyForDeploymentPostprocessing = 0;
		};
		9B440BD922B92FC700FE0277 /* Frameworks */ = {
			isa = PBXFrameworksBuildPhase;
			buildActionMask = 2147483647;
			files = (
			);
			runOnlyForDeploymentPostprocessing = 0;
		};
/* End PBXFrameworksBuildPhase section */

/* Begin PBXGroup section */
		9B440BB222B92FC500FE0277 = {
			isa = PBXGroup;
			children = (
				9B440BBD22B92FC500FE0277 /* Wearable */,
				9B440BD122B92FC700FE0277 /* Wearable WatchKit App */,
				9B440BE022B92FC700FE0277 /* Wearable WatchKit Extension */,
				9B440BBC22B92FC500FE0277 /* Products */,
			);
			sourceTree = "<group>";
		};
		9B440BBC22B92FC500FE0277 /* Products */ = {
			isa = PBXGroup;
			children = (
				9B440BBB22B92FC500FE0277 /* Wearable.app */,
				9B440BCD22B92FC700FE0277 /* Wearable WatchKit App.app */,
				9B440BDC22B92FC700FE0277 /* Wearable WatchKit Extension.appex */,
			);
			name = Products;
			sourceTree = "<group>";
		};
		9B440BBD22B92FC500FE0277 /* Wearable */ = {
			isa = PBXGroup;
			children = (
				9B440BBE22B92FC500FE0277 /* AppDelegate.swift */,
				9B440BC022B92FC500FE0277 /* ViewController.swift */,
				9B440BC222B92FC500FE0277 /* Main.storyboard */,
				9B440BC522B92FC700FE0277 /* Assets.xcassets */,
				9B440BC722B92FC700FE0277 /* LaunchScreen.storyboard */,
				9B440BCA22B92FC700FE0277 /* Info.plist */,
			);
			path = Wearable;
			sourceTree = "<group>";
		};
		9B440BD122B92FC700FE0277 /* Wearable WatchKit App */ = {
			isa = PBXGroup;
			children = (
				9B440BD222B92FC700FE0277 /* Interface.storyboard */,
				9B440BD522B92FC700FE0277 /* Assets.xcassets */,
				9B440BD722B92FC700FE0277 /* Info.plist */,
			);
			path = "Wearable WatchKit App";
			sourceTree = "<group>";
		};
		9B440BE022B92FC700FE0277 /* Wearable WatchKit Extension */ = {
			isa = PBXGroup;
			children = (
				9B440BE122B92FC700FE0277 /* InterfaceController.swift */,
				9B440BE322B92FC700FE0277 /* ExtensionDelegate.swift */,
				9B440BE522B92FC800FE0277 /* Assets.xcassets */,
				9B440BE722B92FC800FE0277 /* Info.plist */,
			);
			path = "Wearable WatchKit Extension";
			sourceTree = "<group>";
		};
/* End PBXGroup section */

/* Begin PBXNativeTarget section */
		9B440BBA22B92FC500FE0277 /* Wearable */ = {
			isa = PBXNativeTarget;
			buildConfigurationList = 9B440BF222B92FC800FE0277 /* Build configuration list for PBXNativeTarget "Wearable" */;
			buildPhases = (
				9B440BB722B92FC500FE0277 /* Sources */,
				9B440BB822B92FC500FE0277 /* Frameworks */,
				9B440BB922B92FC500FE0277 /* Resources */,
				9B440BF122B92FC800FE0277 /* Embed Watch Content */,
			);
			buildRules = (
			);
			dependencies = (
				9B440BD022B92FC700FE0277 /* PBXTargetDependency */,
			);
			name = Wearable;
			productName = Wearable;
			productReference = 9B440BBB22B92FC500FE0277 /* Wearable.app */;
			productType = "com.apple.product-type.application";
		};
		9B440BCC22B92FC700FE0277 /* Wearable WatchKit App */ = {
			isa = PBXNativeTarget;
			buildConfigurationList = 9B440BEE22B92FC800FE0277 /* Build configuration list for PBXNativeTarget "Wearable WatchKit App" */;
			buildPhases = (
				9B440BCB22B92FC700FE0277 /* Resources */,
				9B440BED22B92FC800FE0277 /* Embed App Extensions */,
			);
			buildRules = (
			);
			dependencies = (
				9B440BDF22B92FC700FE0277 /* PBXTargetDependency */,
			);
			name = "Wearable WatchKit App";
			productName = "Wearable WatchKit App";
			productReference = 9B440BCD22B92FC700FE0277 /* Wearable WatchKit App.app */;
			productType = "com.apple.product-type.application.watchapp2";
		};
		9B440BDB22B92FC700FE0277 /* Wearable WatchKit Extension */ = {
			isa = PBXNativeTarget;
			buildConfigurationList = 9B440BEA22B92FC800FE0277 /* Build configuration list for PBXNativeTarget "Wearable WatchKit Extension" */;
			buildPhases = (
				9B440BD822B92FC700FE0277 /* Sources */,
				9B440BD922B92FC700FE0277 /* Frameworks */,
				9B440BDA22B92FC700FE0277 /* Resources */,
			);
			buildRules = (
			);
			dependencies = (
			);
			name = "Wearable WatchKit Extension";
			productName = "Wearable WatchKit Extension";
			productReference = 9B440BDC22B92FC700FE0277 /* Wearable WatchKit Extension.appex */;
			productType = "com.apple.product-type.watchkit2-extension";
		};
/* End PBXNativeTarget section */

/* Begin PBXProject section */
		9B440BB322B92FC500FE0277 /* Project object */ = {
			isa = PBXProject;
			attributes = {
				LastSwiftUpdateCheck = 1020;
				LastUpgradeCheck = 1020;
				ORGANIZATIONNAME = Jg;
				TargetAttributes = {
					9B440BBA22B92FC500FE0277 = {
						CreatedOnToolsVersion = 10.2.1;
					};
					9B440BCC22B92FC700FE0277 = {
						CreatedOnToolsVersion = 10.2.1;
					};
					9B440BDB22B92FC700FE0277 = {
						CreatedOnToolsVersion = 10.2.1;
					};
				};
			};
			buildConfigurationList = 9B440BB622B92FC500FE0277 /* Build configuration list for PBXProject "Wearable" */;
			compatibilityVersion = "Xcode 9.3";
			developmentRegion = en;
			hasScannedForEncodings = 0;
			knownRegions = (
				en,
				Base,
			);
			mainGroup = 9B440BB222B92FC500FE0277;
			productRefGroup = 9B440BBC22B92FC500FE0277 /* Products */;
			projectDirPath = "";
			projectRoot = "";
			targets = (
				9B440BBA22B92FC500FE0277 /* Wearable */,
				9B440BCC22B92FC700FE0277 /* Wearable WatchKit App */,
				9B440BDB22B92FC700FE0277 /* Wearable WatchKit Extension */,
			);
		};
/* End PBXProject section */

/* Begin PBXResourcesBuildPhase section */
		9B440BB922B92FC500FE0277 /* Resources */ = {
			isa = PBXResourcesBuildPhase;
			buildActionMask = 2147483647;
			files = (
				9B440BC922B92FC700FE0277 /* LaunchScreen.storyboard in Resources */,
				9B440BC622B92FC700FE0277 /* Assets.xcassets in Resources */,
				9B440BC422B92FC500FE0277 /* Main.storyboard in Resources */,
			);
			runOnlyForDeploymentPostprocessing = 0;
		};
		9B440BCB22B92FC700FE0277 /* Resources */ = {
			isa = PBXResourcesBuildPhase;
			buildActionMask = 2147483647;
			files = (
				9B440BD622B92FC700FE0277 /* Assets.xcassets in Resources */,
				9B440BD422B92FC700FE0277 /* Interface.storyboard in Resources */,
			);
			runOnlyForDeploymentPostprocessing = 0;
		};
		9B440BDA22B92FC700FE0277 /* Resources */ = {
			isa = PBXResourcesBuildPhase;
			buildActionMask = 2147483647;
			files = (
				9B440BE622B92FC800FE0277 /* Assets.xcassets in Resources */,
			);
			runOnlyForDeploymentPostprocessing = 0;
		};
/* End PBXResourcesBuildPhase section */

/* Begin PBXSourcesBuildPhase section */
		9B440BB722B92FC500FE0277 /* Sources */ = {
			isa = PBXSourcesBuildPhase;
			buildActionMask = 2147483647;
			files = (
				9B440BC122B92FC500FE0277 /* ViewController.swift in Sources */,
				9B440BBF22B92FC500FE0277 /* AppDelegate.swift in Sources */,
			);
			runOnlyForDeploymentPostprocessing = 0;
		};
		9B440BD822B92FC700FE0277 /* Sources */ = {
			isa = PBXSourcesBuildPhase;
			buildActionMask = 2147483647;
			files = (
				9B440BE422B92FC700FE0277 /* ExtensionDelegate.swift in Sources */,
				9B440BE222B92FC700FE0277 /* InterfaceController.swift in Sources */,
			);
			runOnlyForDeploymentPostprocessing = 0;
		};
/* End PBXSourcesBuildPhase section */

/* Begin PBXTargetDependency section */
		9B440BD022B92FC700FE0277 /* PBXTargetDependency */ = {
			isa = PBXTargetDependency;
			target = 9B440BCC22B92FC700FE0277 /* Wearable WatchKit App */;
			targetProxy = 9B440BCF22B92FC700FE0277 /* PBXContainerItemProxy */;
		};
		9B440BDF22B92FC700FE0277 /* PBXTargetDependency */ = {
			isa = PBXTargetDependency;
			target = 9B440BDB22B92FC700FE0277 /* Wearable WatchKit Extension */;
			targetProxy = 9B440BDE22B92FC700FE0277 /* PBXContainerItemProxy */;
		};
/* End PBXTargetDependency section */

/* Begin PBXVariantGroup section */
		9B440BC222B92FC500FE0277 /* Main.storyboard */ = {
			isa = PBXVariantGroup;
			children = (
				9B440BC322B92FC500FE0277 /* Base */,
			);
			name = Main.storyboard;
			sourceTree = "<group>";
		};
		9B440BC722B92FC700FE0277 /* LaunchScreen.storyboard */ = {
			isa = PBXVariantGroup;
			children = (
				9B440BC822B92FC700FE0277 /* Base */,
			);
			name = LaunchScreen.storyboard;
			sourceTree = "<group>";
		};
		9B440BD222B92FC700FE0277 /* Interface.storyboard */ = {
			isa = PBXVariantGroup;
			children = (
				9B440BD322B92FC700FE0277 /* Base */,
			);
			name = Interface.storyboard;
			sourceTree = "<group>";
		};
/* End PBXVariantGroup section */

/* Begin XCBuildConfiguration section */
		9B440BE822B92FC800FE0277 /* Debug */ = {
			isa = XCBuildConfiguration;
			buildSettings = {
				ALWAYS_SEARCH_USER_PATHS = NO;
				CLANG_ANALYZER_NONNULL = YES;
				CLANG_ANALYZER_NUMBER_OBJECT_CONVERSION = YES_AGGRESSIVE;
				CLANG_CXX_LANGUAGE_STANDARD = "gnu++14";
				CLANG_CXX_LIBRARY = "libc++";
				CLANG_ENABLE_MODULES = YES;
				CLANG_ENABLE_OBJC_ARC = YES;
				CLANG_ENABLE_OBJC_WEAK = YES;
				CLANG_WARN_BLOCK_CAPTURE_AUTORELEASING = YES;
				CLANG_WARN_BOOL_CONVERSION = YES;
				CLANG_WARN_COMMA = YES;
				CLANG_WARN_CONSTANT_CONVERSION = YES;
				CLANG_WARN_DEPRECATED_OBJC_IMPLEMENTATIONS = YES;
				CLANG_WARN_DIRECT_OBJC_ISA_USAGE = YES_ERROR;
				CLANG_WARN_DOCUMENTATION_COMMENTS = YES;
				CLANG_WARN_EMPTY_BODY = YES;
				CLANG_WARN_ENUM_CONVERSION = YES;
				CLANG_WARN_INFINITE_RECURSION = YES;
				CLANG_WARN_INT_CONVERSION = YES;
				CLANG_WARN_NON_LITERAL_NULL_CONVERSION = YES;
				CLANG_WARN_OBJC_IMPLICIT_RETAIN_SELF = YES;
				CLANG_WARN_OBJC_LITERAL_CONVERSION = YES;
				CLANG_WARN_OBJC_ROOT_CLASS = YES_ERROR;
				CLANG_WARN_RANGE_LOOP_ANALYSIS = YES;
				CLANG_WARN_STRICT_PROTOTYPES = YES;
				CLANG_WARN_SUSPICIOUS_MOVE = YES;
				CLANG_WARN_UNGUARDED_AVAILABILITY = YES_AGGRESSIVE;
				CLANG_WARN_UNREACHABLE_CODE = YES;
				CLANG_WARN__DUPLICATE_METHOD_MATCH = YES;
				CODE_SIGN_IDENTITY = "iPhone Developer";
				COPY_PHASE_STRIP = NO;
				DEBUG_INFORMATION_FORMAT = dwarf;
				ENABLE_STRICT_OBJC_MSGSEND = YES;
				ENABLE_TESTABILITY = YES;
				GCC_C_LANGUAGE_STANDARD = gnu11;
				GCC_DYNAMIC_NO_PIC = NO;
				GCC_NO_COMMON_BLOCKS = YES;
				GCC_OPTIMIZATION_LEVEL = 0;
				GCC_PREPROCESSOR_DEFINITIONS = (
					"DEBUG=1",
					"$(inherited)",
				);
				GCC_WARN_64_TO_32_BIT_CONVERSION = YES;
				GCC_WARN_ABOUT_RETURN_TYPE = YES_ERROR;
				GCC_WARN_UNDECLARED_SELECTOR = YES;
				GCC_WARN_UNINITIALIZED_AUTOS = YES_AGGRESSIVE;
				GCC_WARN_UNUSED_FUNCTION = YES;
				GCC_WARN_UNUSED_VARIABLE = YES;
				IPHONEOS_DEPLOYMENT_TARGET = 12.2;
				MTL_ENABLE_DEBUG_INFO = INCLUDE_SOURCE;
				MTL_FAST_MATH = YES;
				ONLY_ACTIVE_ARCH = YES;
				SDKROOT = iphoneos;
				SWIFT_ACTIVE_COMPILATION_CONDITIONS = DEBUG;
				SWIFT_OPTIMIZATION_LEVEL = "-Onone";
			};
			name = Debug;
		};
		9B440BE922B92FC800FE0277 /* Release */ = {
			isa = XCBuildConfiguration;
			buildSettings = {
				ALWAYS_SEARCH_USER_PATHS = NO;
				CLANG_ANALYZER_NONNULL = YES;
				CLANG_ANALYZER_NUMBER_OBJECT_CONVERSION = YES_AGGRESSIVE;
				CLANG_CXX_LANGUAGE_STANDARD = "gnu++14";
				CLANG_CXX_LIBRARY = "libc++";
				CLANG_ENABLE_MODULES = YES;
				CLANG_ENABLE_OBJC_ARC = YES;
				CLANG_ENABLE_OBJC_WEAK = YES;
				CLANG_WARN_BLOCK_CAPTURE_AUTORELEASING = YES;
				CLANG_WARN_BOOL_CONVERSION = YES;
				CLANG_WARN_COMMA = YES;
				CLANG_WARN_CONSTANT_CONVERSION = YES;
				CLANG_WARN_DEPRECATED_OBJC_IMPLEMENTATIONS = YES;
				CLANG_WARN_DIRECT_OBJC_ISA_USAGE = YES_ERROR;
				CLANG_WARN_DOCUMENTATION_COMMENTS = YES;
				CLANG_WARN_EMPTY_BODY = YES;
				CLANG_WARN_ENUM_CONVERSION = YES;
				CLANG_WARN_INFINITE_RECURSION = YES;
				CLANG_WARN_INT_CONVERSION = YES;
				CLANG_WARN_NON_LITERAL_NULL_CONVERSION = YES;
				CLANG_WARN_OBJC_IMPLICIT_RETAIN_SELF = YES;
				CLANG_WARN_OBJC_LITERAL_CONVERSION = YES;
				CLANG_WARN_OBJC_ROOT_CLASS = YES_ERROR;
				CLANG_WARN_RANGE_LOOP_ANALYSIS = YES;
				CLANG_WARN_STRICT_PROTOTYPES = YES;
				CLANG_WARN_SUSPICIOUS_MOVE = YES;
				CLANG_WARN_UNGUARDED_AVAILABILITY = YES_AGGRESSIVE;
				CLANG_WARN_UNREACHABLE_CODE = YES;
				CLANG_WARN__DUPLICATE_METHOD_MATCH = YES;
				CODE_SIGN_IDENTITY = "iPhone Developer";
				COPY_PHASE_STRIP = NO;
				DEBUG_INFORMATION_FORMAT = "dwarf-with-dsym";
				ENABLE_NS_ASSERTIONS = NO;
				ENABLE_STRICT_OBJC_MSGSEND = YES;
				GCC_C_LANGUAGE_STANDARD = gnu11;
				GCC_NO_COMMON_BLOCKS = YES;
				GCC_WARN_64_TO_32_BIT_CONVERSION = YES;
				GCC_WARN_ABOUT_RETURN_TYPE = YES_ERROR;
				GCC_WARN_UNDECLARED_SELECTOR = YES;
				GCC_WARN_UNINITIALIZED_AUTOS = YES_AGGRESSIVE;
				GCC_WARN_UNUSED_FUNCTION = YES;
				GCC_WARN_UNUSED_VARIABLE = YES;
				IPHONEOS_DEPLOYMENT_TARGET = 12.2;
				MTL_ENABLE_DEBUG_INFO = NO;
				MTL_FAST_MATH = YES;
				SDKROOT = iphoneos;
				SWIFT_COMPILATION_MODE = wholemodule;
				SWIFT_OPTIMIZATION_LEVEL = "-O";
				VALIDATE_PRODUCT = YES;
			};
			name = Release;
		};
		9B440BEB22B92FC800FE0277 /* Debug */ = {
			isa = XCBuildConfiguration;
			buildSettings = {
				ASSETCATALOG_COMPILER_COMPLICATION_NAME = Complication;
				CODE_SIGN_STYLE = Automatic;
				INFOPLIST_FILE = "Wearable WatchKit Extension/Info.plist";
				LD_RUNPATH_SEARCH_PATHS = (
					"$(inherited)",
					"@executable_path/Frameworks",
					"@executable_path/../../Frameworks",
				);
				PRODUCT_BUNDLE_IDENTIFIER = CestarCollege.Wearable.watchkitapp.watchkitextension;
				PRODUCT_NAME = "${TARGET_NAME}";
				SDKROOT = watchos;
				SKIP_INSTALL = YES;
				SWIFT_VERSION = 5.0;
				TARGETED_DEVICE_FAMILY = 4;
				WATCHOS_DEPLOYMENT_TARGET = 5.2;
			};
			name = Debug;
		};
		9B440BEC22B92FC800FE0277 /* Release */ = {
			isa = XCBuildConfiguration;
			buildSettings = {
				ASSETCATALOG_COMPILER_COMPLICATION_NAME = Complication;
				CODE_SIGN_STYLE = Automatic;
				INFOPLIST_FILE = "Wearable WatchKit Extension/Info.plist";
				LD_RUNPATH_SEARCH_PATHS = (
					"$(inherited)",
					"@executable_path/Frameworks",
					"@executable_path/../../Frameworks",
				);
				PRODUCT_BUNDLE_IDENTIFIER = CestarCollege.Wearable.watchkitapp.watchkitextension;
				PRODUCT_NAME = "${TARGET_NAME}";
				SDKROOT = watchos;
				SKIP_INSTALL = YES;
				SWIFT_VERSION = 5.0;
				TARGETED_DEVICE_FAMILY = 4;
				WATCHOS_DEPLOYMENT_TARGET = 5.2;
			};
			name = Release;
		};
		9B440BEF22B92FC800FE0277 /* Debug */ = {
			isa = XCBuildConfiguration;
			buildSettings = {
				ALWAYS_EMBED_SWIFT_STANDARD_LIBRARIES = YES;
				ASSETCATALOG_COMPILER_APPICON_NAME = AppIcon;
				CODE_SIGN_STYLE = Automatic;
				IBSC_MODULE = Wearable_WatchKit_Extension;
				INFOPLIST_FILE = "Wearable WatchKit App/Info.plist";
				PRODUCT_BUNDLE_IDENTIFIER = CestarCollege.Wearable.watchkitapp;
				PRODUCT_NAME = "$(TARGET_NAME)";
				SDKROOT = watchos;
				SKIP_INSTALL = YES;
				SWIFT_VERSION = 5.0;
				TARGETED_DEVICE_FAMILY = 4;
				WATCHOS_DEPLOYMENT_TARGET = 5.2;
			};
			name = Debug;
		};
		9B440BF022B92FC800FE0277 /* Release */ = {
			isa = XCBuildConfiguration;
			buildSettings = {
				ALWAYS_EMBED_SWIFT_STANDARD_LIBRARIES = YES;
				ASSETCATALOG_COMPILER_APPICON_NAME = AppIcon;
				CODE_SIGN_STYLE = Automatic;
				IBSC_MODULE = Wearable_WatchKit_Extension;
				INFOPLIST_FILE = "Wearable WatchKit App/Info.plist";
				PRODUCT_BUNDLE_IDENTIFIER = CestarCollege.Wearable.watchkitapp;
				PRODUCT_NAME = "$(TARGET_NAME)";
				SDKROOT = watchos;
				SKIP_INSTALL = YES;
				SWIFT_VERSION = 5.0;
				TARGETED_DEVICE_FAMILY = 4;
				WATCHOS_DEPLOYMENT_TARGET = 5.2;
			};
			name = Release;
		};
		9B440BF322B92FC800FE0277 /* Debug */ = {
			isa = XCBuildConfiguration;
			buildSettings = {
				ASSETCATALOG_COMPILER_APPICON_NAME = AppIcon;
				CODE_SIGN_STYLE = Automatic;
				INFOPLIST_FILE = Wearable/Info.plist;
				LD_RUNPATH_SEARCH_PATHS = (
					"$(inherited)",
					"@executable_path/Frameworks",
				);
				PRODUCT_BUNDLE_IDENTIFIER = CestarCollege.Wearable;
				PRODUCT_NAME = "$(TARGET_NAME)";
				SWIFT_VERSION = 5.0;
				TARGETED_DEVICE_FAMILY = "1,2";
			};
			name = Debug;
		};
		9B440BF422B92FC800FE0277 /* Release */ = {
			isa = XCBuildConfiguration;
			buildSettings = {
				ASSETCATALOG_COMPILER_APPICON_NAME = AppIcon;
				CODE_SIGN_STYLE = Automatic;
				INFOPLIST_FILE = Wearable/Info.plist;
				LD_RUNPATH_SEARCH_PATHS = (
					"$(inherited)",
					"@executable_path/Frameworks",
				);
				PRODUCT_BUNDLE_IDENTIFIER = CestarCollege.Wearable;
				PRODUCT_NAME = "$(TARGET_NAME)";
				SWIFT_VERSION = 5.0;
				TARGETED_DEVICE_FAMILY = "1,2";
			};
			name = Release;
		};
/* End XCBuildConfiguration section */

/* Begin XCConfigurationList section */
		9B440BB622B92FC500FE0277 /* Build configuration list for PBXProject "Wearable" */ = {
			isa = XCConfigurationList;
			buildConfigurations = (
				9B440BE822B92FC800FE0277 /* Debug */,
				9B440BE922B92FC800FE0277 /* Release */,
			);
			defaultConfigurationIsVisible = 0;
			defaultConfigurationName = Release;
		};
		9B440BEA22B92FC800FE0277 /* Build configuration list for PBXNativeTarget "Wearable WatchKit Extension" */ = {
			isa = XCConfigurationList;
			buildConfigurations = (
				9B440BEB22B92FC800FE0277 /* Debug */,
				9B440BEC22B92FC800FE0277 /* Release */,
			);
			defaultConfigurationIsVisible = 0;
			defaultConfigurationName = Release;
		};
		9B440BEE22B92FC800FE0277 /* Build configuration list for PBXNativeTarget "Wearable WatchKit App" */ = {
			isa = XCConfigurationList;
			buildConfigurations = (
				9B440BEF22B92FC800FE0277 /* Debug */,
				9B440BF022B92FC800FE0277 /* Release */,
			);
			defaultConfigurationIsVisible = 0;
			defaultConfigurationName = Release;
		};
		9B440BF222B92FC800FE0277 /* Build configuration list for PBXNativeTarget "Wearable" */ = {
			isa = XCConfigurationList;
			buildConfigurations = (
				9B440BF322B92FC800FE0277 /* Debug */,
				9B440BF422B92FC800FE0277 /* Release */,
			);
			defaultConfigurationIsVisible = 0;
			defaultConfigurationName = Release;
		};
/* End XCConfigurationList section */
	};
	rootObject = 9B440BB322B92FC500FE0277 /* Project object */;
}
